{
  "name": "mtr",
  "version": "1.0.0",
  "lockfileVersion": 3,
  "requires": true,
  "packages": {
    "": {
      "name": "mtr",
      "version": "1.0.0",
      "license": "ISC",
      "dependencies": {
        "cli-chart": "^0.3.1"
      }
    },
    "node_modules/charm": {
      "version": "1.0.2",
      "resolved": "https://registry.npmjs.org/charm/-/charm-1.0.2.tgz",
      "integrity": "sha512-wqW3VdPnlSWT4eRiYX+hcs+C6ViBPUWk1qTCd+37qw9kEm/a5n2qcyQDMBWvSYKN/ctqZzeXNQaeBjOetJJUkw==",
      "dependencies": {
        "inherits": "^2.0.1"
      }
    },
    "node_modules/cli-chart": {
      "version": "0.3.1",
      "resolved": "https://registry.npmjs.org/cli-chart/-/cli-chart-0.3.1.tgz",
      "integrity": "sha512-jWHB20LZ6A6VpUP7tlFSUI1olrEyifS2MZoW/xDopZpMaGZMGNLziPNsXlhGCvpkISW+HdLdXU/dzA4syJsqXQ==",
      "dependencies": {
        "charm": "*"
      }
    },
    "node_modules/inherits": {
      "version": "2.0.4",
      "resolved": "https://registry.npmjs.org/inherits/-/inherits-2.0.4.tgz",
      "integrity": "sha512-k/vGaX4/Yla3WzyMCvTQOXYeIHvqOKtnqBduzTHpzpQZzAskKMhZ2K+EnBiSM9zGSoIFeMpXKxa4dYeZIQqewQ=="
    }
  }
}
